
Microsoft Visual Studio Solution File, Format Version 12.00
# Visual Studio Version 16
VisualStudioVersion = 16.0.30114.105
MinimumVisualStudioVersion = 10.0.40219.1
Project("{2150E333-8FDC-42A3-9474-1A3956D46DE8}") = "src", "src", "{EAF6376D-76FF-43D1-BF81-093D13B2A62D}"
EndProject
Project("{FAE04EC0-301F-11D3-BF4B-00C04F79EFBC}") = "Application", "src\Application\Application.csproj", "{9FD6EED1-7655-45D5-9255-35D0206CD0E2}"
EndProject
Project("{FAE04EC0-301F-11D3-BF4B-00C04F79EFBC}") = "Domain", "src\Domain\Domain.csproj", "{EA4057E9-271E-4D1F-A456-0E1A4CB8335C}"
EndProject
Project("{FAE04EC0-301F-11D3-BF4B-00C04F79EFBC}") = "Infra.Data", "src\Infra.Data\Infra.Data.csproj", "{748D9084-31B4-49E0-98B1-2AA582B165FE}"
EndProject
Project("{FAE04EC0-301F-11D3-BF4B-00C04F79EFBC}") = "Infra.IoC", "src\Infra.IoC\Infra.IoC.csproj", "{8B3E62DE-8B82-4166-AE4F-6DB547E5262B}"
EndProject
Project("{FAE04EC0-301F-11D3-BF4B-00C04F79EFBC}") = "WebUI", "src\WebUI\WebUI.csproj", "{BBD15B96-1DF3-4072-B532-C75DC1C67DD5}"
EndProject
Project("{2150E333-8FDC-42A3-9474-1A3956D46DE8}") = "tests", "tests", "{D90C63F1-9978-4575-A5C4-115EE4904456}"
EndProject
Project("{FAE04EC0-301F-11D3-BF4B-00C04F79EFBC}") = "Domain.UnitTests", "tests\Domain.UnitTests\Domain.UnitTests.csproj", "{F102341A-A09E-46B1-A93B-DF49E12FEC86}"
EndProject
Project("{FAE04EC0-301F-11D3-BF4B-00C04F79EFBC}") = "WebAPI", "src\WebAPI\WebAPI.csproj", "{A28C4482-7BF5-402D-8430-E6DD57CAAFD7}"
EndProject
Global
	GlobalSection(SolutionConfigurationPlatforms) = preSolution
		Debug|Any CPU = Debug|Any CPU
		Release|Any CPU = Release|Any CPU
	EndGlobalSection
	GlobalSection(SolutionProperties) = preSolution
		HideSolutionNode = FALSE
	EndGlobalSection
	GlobalSection(ProjectConfigurationPlatforms) = postSolution
		{9FD6EED1-7655-45D5-9255-35D0206CD0E2}.Debug|Any CPU.ActiveCfg = Debug|Any CPU
		{9FD6EED1-7655-45D5-9255-35D0206CD0E2}.Debug|Any CPU.Build.0 = Debug|Any CPU
		{9FD6EED1-7655-45D5-9255-35D0206CD0E2}.Release|Any CPU.ActiveCfg = Release|Any CPU
		{9FD6EED1-7655-45D5-9255-35D0206CD0E2}.Release|Any CPU.Build.0 = Release|Any CPU
		{EA4057E9-271E-4D1F-A456-0E1A4CB8335C}.Debug|Any CPU.ActiveCfg = Debug|Any CPU
		{EA4057E9-271E-4D1F-A456-0E1A4CB8335C}.Debug|Any CPU.Build.0 = Debug|Any CPU
		{EA4057E9-271E-4D1F-A456-0E1A4CB8335C}.Release|Any CPU.ActiveCfg = Release|Any CPU
		{EA4057E9-271E-4D1F-A456-0E1A4CB8335C}.Release|Any CPU.Build.0 = Release|Any CPU
		{748D9084-31B4-49E0-98B1-2AA582B165FE}.Debug|Any CPU.ActiveCfg = Debug|Any CPU
		{748D9084-31B4-49E0-98B1-2AA582B165FE}.Debug|Any CPU.Build.0 = Debug|Any CPU
		{748D9084-31B4-49E0-98B1-2AA582B165FE}.Release|Any CPU.ActiveCfg = Release|Any CPU
		{748D9084-31B4-49E0-98B1-2AA582B165FE}.Release|Any CPU.Build.0 = Release|Any CPU
		{8B3E62DE-8B82-4166-AE4F-6DB547E5262B}.Debug|Any CPU.ActiveCfg = Debug|Any CPU
		{8B3E62DE-8B82-4166-AE4F-6DB547E5262B}.Debug|Any CPU.Build.0 = Debug|Any CPU
		{8B3E62DE-8B82-4166-AE4F-6DB547E5262B}.Release|Any CPU.ActiveCfg = Release|Any CPU
		{8B3E62DE-8B82-4166-AE4F-6DB547E5262B}.Release|Any CPU.Build.0 = Release|Any CPU
		{BBD15B96-1DF3-4072-B532-C75DC1C67DD5}.Debug|Any CPU.ActiveCfg = Debug|Any CPU
		{BBD15B96-1DF3-4072-B532-C75DC1C67DD5}.Debug|Any CPU.Build.0 = Debug|Any CPU
		{BBD15B96-1DF3-4072-B532-C75DC1C67DD5}.Release|Any CPU.ActiveCfg = Release|Any CPU
		{BBD15B96-1DF3-4072-B532-C75DC1C67DD5}.Release|Any CPU.Build.0 = Release|Any CPU
		{F102341A-A09E-46B1-A93B-DF49E12FEC86}.Debug|Any CPU.ActiveCfg = Debug|Any CPU
		{F102341A-A09E-46B1-A93B-DF49E12FEC86}.Debug|Any CPU.Build.0 = Debug|Any CPU
		{F102341A-A09E-46B1-A93B-DF49E12FEC86}.Release|Any CPU.ActiveCfg = Release|Any CPU
		{F102341A-A09E-46B1-A93B-DF49E12FEC86}.Release|Any CPU.Build.0 = Release|Any CPU
		{A28C4482-7BF5-402D-8430-E6DD57CAAFD7}.Debug|Any CPU.ActiveCfg = Debug|Any CPU
		{A28C4482-7BF5-402D-8430-E6DD57CAAFD7}.Debug|Any CPU.Build.0 = Debug|Any CPU
		{A28C4482-7BF5-402D-8430-E6DD57CAAFD7}.Release|Any CPU.ActiveCfg = Release|Any CPU
		{A28C4482-7BF5-402D-8430-E6DD57CAAFD7}.Release|Any CPU.Build.0 = Release|Any CPU
	EndGlobalSection
	GlobalSection(NestedProjects) = preSolution
		{9FD6EED1-7655-45D5-9255-35D0206CD0E2} = {EAF6376D-76FF-43D1-BF81-093D13B2A62D}
		{EA4057E9-271E-4D1F-A456-0E1A4CB8335C} = {EAF6376D-76FF-43D1-BF81-093D13B2A62D}
		{748D9084-31B4-49E0-98B1-2AA582B165FE} = {EAF6376D-76FF-43D1-BF81-093D13B2A62D}
		{8B3E62DE-8B82-4166-AE4F-6DB547E5262B} = {EAF6376D-76FF-43D1-BF81-093D13B2A62D}
		{BBD15B96-1DF3-4072-B532-C75DC1C67DD5} = {EAF6376D-76FF-43D1-BF81-093D13B2A62D}
		{F102341A-A09E-46B1-A93B-DF49E12FEC86} = {D90C63F1-9978-4575-A5C4-115EE4904456}
		{A28C4482-7BF5-402D-8430-E6DD57CAAFD7} = {EAF6376D-76FF-43D1-BF81-093D13B2A62D}
	EndGlobalSection
EndGlobal
